{
    "_meta": {
        "hash": {
            "sha256": "9aeee70f23bcd5994a9ceda68f028fd7955b3cd0203b5bc915a59231d2dcee30"
        },
        "pipfile-spec": 6,
        "requires": {
            "python_version": "3.5"
        },
        "sources": [
            {
                "name": "tsinghua",
                "url": "https://pypi.tuna.tsinghua.edu.cn/simple",
                "verify_ssl": true
            }
        ]
    },
    "default": {},
    "develop": {}
}
